
Microsoft Visual Studio Solution File, Format Version 12.00
# Visual Studio 15
Project("{FAE04EC0-301F-11D3-BF4B-00C04F79EFBC}") = "UnityEngine.UI", "UnityEngine.UI.csproj", "{665DC306-358F-04C7-45FC-524A429D87F1}"
EndProject
Project("{FAE04EC0-301F-11D3-BF4B-00C04F79EFBC}") = "Assembly-CSharp", "Assembly-CSharp.csproj", "{0BEB53F3-BF71-B005-6472-F18FD4D59791}"
EndProject
Project("{FAE04EC0-301F-11D3-BF4B-00C04F79EFBC}") = "UnityGameFramework.Runtime", "UnityGameFramework.Runtime.csproj", "{3810B0E1-C8C6-500C-C244-F4ED53CC60A8}"
EndProject
Project("{FAE04EC0-301F-11D3-BF4B-00C04F79EFBC}") = "ILRuntime", "ILRuntime.csproj", "{29096ADE-E408-EFF5-F56A-5E382A733088}"
EndProject
Project("{FAE04EC0-301F-11D3-BF4B-00C04F79EFBC}") = "UnityEditor.UI", "UnityEditor.UI.csproj", "{A6E2EB8B-7C00-F448-6477-BE1643B4513B}"
EndProject
Project("{FAE04EC0-301F-11D3-BF4B-00C04F79EFBC}") = "UnityGameFramework.Editor", "UnityGameFramework.Editor.csproj", "{70A87AE2-BD0F-B5B4-8BA8-1AAE70B60968}"
EndProject
Project("{FAE04EC0-301F-11D3-BF4B-00C04F79EFBC}") = "Assembly-CSharp-Editor", "Assembly-CSharp-Editor.csproj", "{213B6311-B463-C8BE-0C73-D81FE2AB4C3E}"
EndProject
Global
	GlobalSection(SolutionConfigurationPlatforms) = preSolution
		Debug|Any CPU = Debug|Any CPU
		Release|Any CPU = Release|Any CPU
	EndGlobalSection
	GlobalSection(ProjectConfigurationPlatforms) = postSolution
		{665DC306-358F-04C7-45FC-524A429D87F1}.Debug|Any CPU.ActiveCfg = Debug|Any CPU
		{665DC306-358F-04C7-45FC-524A429D87F1}.Debug|Any CPU.Build.0 = Debug|Any CPU
		{665DC306-358F-04C7-45FC-524A429D87F1}.Release|Any CPU.ActiveCfg = Release|Any CPU
		{665DC306-358F-04C7-45FC-524A429D87F1}.Release|Any CPU.Build.0 = Release|Any CPU
		{0BEB53F3-BF71-B005-6472-F18FD4D59791}.Debug|Any CPU.ActiveCfg = Debug|Any CPU
		{0BEB53F3-BF71-B005-6472-F18FD4D59791}.Debug|Any CPU.Build.0 = Debug|Any CPU
		{0BEB53F3-BF71-B005-6472-F18FD4D59791}.Release|Any CPU.ActiveCfg = Release|Any CPU
		{0BEB53F3-BF71-B005-6472-F18FD4D59791}.Release|Any CPU.Build.0 = Release|Any CPU
		{3810B0E1-C8C6-500C-C244-F4ED53CC60A8}.Debug|Any CPU.ActiveCfg = Debug|Any CPU
		{3810B0E1-C8C6-500C-C244-F4ED53CC60A8}.Debug|Any CPU.Build.0 = Debug|Any CPU
		{3810B0E1-C8C6-500C-C244-F4ED53CC60A8}.Release|Any CPU.ActiveCfg = Release|Any CPU
		{3810B0E1-C8C6-500C-C244-F4ED53CC60A8}.Release|Any CPU.Build.0 = Release|Any CPU
		{29096ADE-E408-EFF5-F56A-5E382A733088}.Debug|Any CPU.ActiveCfg = Debug|Any CPU
		{29096ADE-E408-EFF5-F56A-5E382A733088}.Debug|Any CPU.Build.0 = Debug|Any CPU
		{29096ADE-E408-EFF5-F56A-5E382A733088}.Release|Any CPU.ActiveCfg = Release|Any CPU
		{29096ADE-E408-EFF5-F56A-5E382A733088}.Release|Any CPU.Build.0 = Release|Any CPU
		{A6E2EB8B-7C00-F448-6477-BE1643B4513B}.Debug|Any CPU.ActiveCfg = Debug|Any CPU
		{A6E2EB8B-7C00-F448-6477-BE1643B4513B}.Debug|Any CPU.Build.0 = Debug|Any CPU
		{A6E2EB8B-7C00-F448-6477-BE1643B4513B}.Release|Any CPU.ActiveCfg = Release|Any CPU
		{A6E2EB8B-7C00-F448-6477-BE1643B4513B}.Release|Any CPU.Build.0 = Release|Any CPU
		{70A87AE2-BD0F-B5B4-8BA8-1AAE70B60968}.Debug|Any CPU.ActiveCfg = Debug|Any CPU
		{70A87AE2-BD0F-B5B4-8BA8-1AAE70B60968}.Debug|Any CPU.Build.0 = Debug|Any CPU
		{70A87AE2-BD0F-B5B4-8BA8-1AAE70B60968}.Release|Any CPU.ActiveCfg = Release|Any CPU
		{70A87AE2-BD0F-B5B4-8BA8-1AAE70B60968}.Release|Any CPU.Build.0 = Release|Any CPU
		{213B6311-B463-C8BE-0C73-D81FE2AB4C3E}.Debug|Any CPU.ActiveCfg = Debug|Any CPU
		{213B6311-B463-C8BE-0C73-D81FE2AB4C3E}.Debug|Any CPU.Build.0 = Debug|Any CPU
		{213B6311-B463-C8BE-0C73-D81FE2AB4C3E}.Release|Any CPU.ActiveCfg = Release|Any CPU
		{213B6311-B463-C8BE-0C73-D81FE2AB4C3E}.Release|Any CPU.Build.0 = Release|Any CPU
	EndGlobalSection
	GlobalSection(SolutionProperties) = preSolution
		HideSolutionNode = FALSE
	EndGlobalSection
EndGlobal
