
Microsoft Visual Studio Solution File, Format Version 12.00
# Visual Studio 15
Project("{FAE04EC0-301F-11D3-BF4B-00C04F79EFBC}") = "UnityEngine.UI", "UnityEngine.UI.csproj", "{867D1D42-DB4A-FA16-E7C6-B5B1ADC0BAE9}"
EndProject
Project("{FAE04EC0-301F-11D3-BF4B-00C04F79EFBC}") = "Assembly-CSharp", "Assembly-CSharp.csproj", "{EF48B276-34B7-2012-6066-8B54A9AA53D5}"
EndProject
Project("{FAE04EC0-301F-11D3-BF4B-00C04F79EFBC}") = "UnityGameFramework.Runtime", "UnityGameFramework.Runtime.csproj", "{6A8A029E-DBDF-BDEF-94E3-A1AAF2AC07E7}"
EndProject
Project("{FAE04EC0-301F-11D3-BF4B-00C04F79EFBC}") = "ILRuntime", "ILRuntime.csproj", "{98A1D600-BDAF-4FA4-3A3A-90C943E0E529}"
EndProject
Project("{FAE04EC0-301F-11D3-BF4B-00C04F79EFBC}") = "UnityEditor.UI", "UnityEditor.UI.csproj", "{E0E668BA-12CD-FA94-B561-DF4394CFD389}"
EndProject
Project("{FAE04EC0-301F-11D3-BF4B-00C04F79EFBC}") = "UnityGameFramework.Editor", "UnityGameFramework.Editor.csproj", "{30C12C91-C121-E224-A2C6-5C7207AA8D3B}"
EndProject
Project("{FAE04EC0-301F-11D3-BF4B-00C04F79EFBC}") = "Assembly-CSharp-Editor", "Assembly-CSharp-Editor.csproj", "{707DA441-B876-5DA3-B79E-4F9B5C077C81}"
EndProject
Global
	GlobalSection(SolutionConfigurationPlatforms) = preSolution
		Debug|Any CPU = Debug|Any CPU
		Release|Any CPU = Release|Any CPU
	EndGlobalSection
	GlobalSection(ProjectConfigurationPlatforms) = postSolution
		{867D1D42-DB4A-FA16-E7C6-B5B1ADC0BAE9}.Debug|Any CPU.ActiveCfg = Debug|Any CPU
		{867D1D42-DB4A-FA16-E7C6-B5B1ADC0BAE9}.Debug|Any CPU.Build.0 = Debug|Any CPU
		{867D1D42-DB4A-FA16-E7C6-B5B1ADC0BAE9}.Release|Any CPU.ActiveCfg = Release|Any CPU
		{867D1D42-DB4A-FA16-E7C6-B5B1ADC0BAE9}.Release|Any CPU.Build.0 = Release|Any CPU
		{EF48B276-34B7-2012-6066-8B54A9AA53D5}.Debug|Any CPU.ActiveCfg = Debug|Any CPU
		{EF48B276-34B7-2012-6066-8B54A9AA53D5}.Debug|Any CPU.Build.0 = Debug|Any CPU
		{EF48B276-34B7-2012-6066-8B54A9AA53D5}.Release|Any CPU.ActiveCfg = Release|Any CPU
		{EF48B276-34B7-2012-6066-8B54A9AA53D5}.Release|Any CPU.Build.0 = Release|Any CPU
		{6A8A029E-DBDF-BDEF-94E3-A1AAF2AC07E7}.Debug|Any CPU.ActiveCfg = Debug|Any CPU
		{6A8A029E-DBDF-BDEF-94E3-A1AAF2AC07E7}.Debug|Any CPU.Build.0 = Debug|Any CPU
		{6A8A029E-DBDF-BDEF-94E3-A1AAF2AC07E7}.Release|Any CPU.ActiveCfg = Release|Any CPU
		{6A8A029E-DBDF-BDEF-94E3-A1AAF2AC07E7}.Release|Any CPU.Build.0 = Release|Any CPU
		{98A1D600-BDAF-4FA4-3A3A-90C943E0E529}.Debug|Any CPU.ActiveCfg = Debug|Any CPU
		{98A1D600-BDAF-4FA4-3A3A-90C943E0E529}.Debug|Any CPU.Build.0 = Debug|Any CPU
		{98A1D600-BDAF-4FA4-3A3A-90C943E0E529}.Release|Any CPU.ActiveCfg = Release|Any CPU
		{98A1D600-BDAF-4FA4-3A3A-90C943E0E529}.Release|Any CPU.Build.0 = Release|Any CPU
		{E0E668BA-12CD-FA94-B561-DF4394CFD389}.Debug|Any CPU.ActiveCfg = Debug|Any CPU
		{E0E668BA-12CD-FA94-B561-DF4394CFD389}.Debug|Any CPU.Build.0 = Debug|Any CPU
		{E0E668BA-12CD-FA94-B561-DF4394CFD389}.Release|Any CPU.ActiveCfg = Release|Any CPU
		{E0E668BA-12CD-FA94-B561-DF4394CFD389}.Release|Any CPU.Build.0 = Release|Any CPU
		{30C12C91-C121-E224-A2C6-5C7207AA8D3B}.Debug|Any CPU.ActiveCfg = Debug|Any CPU
		{30C12C91-C121-E224-A2C6-5C7207AA8D3B}.Debug|Any CPU.Build.0 = Debug|Any CPU
		{30C12C91-C121-E224-A2C6-5C7207AA8D3B}.Release|Any CPU.ActiveCfg = Release|Any CPU
		{30C12C91-C121-E224-A2C6-5C7207AA8D3B}.Release|Any CPU.Build.0 = Release|Any CPU
		{707DA441-B876-5DA3-B79E-4F9B5C077C81}.Debug|Any CPU.ActiveCfg = Debug|Any CPU
		{707DA441-B876-5DA3-B79E-4F9B5C077C81}.Debug|Any CPU.Build.0 = Debug|Any CPU
		{707DA441-B876-5DA3-B79E-4F9B5C077C81}.Release|Any CPU.ActiveCfg = Release|Any CPU
		{707DA441-B876-5DA3-B79E-4F9B5C077C81}.Release|Any CPU.Build.0 = Release|Any CPU
	EndGlobalSection
	GlobalSection(SolutionProperties) = preSolution
		HideSolutionNode = FALSE
	EndGlobalSection
EndGlobal
